{
  "object": {
    "pins": [
      {
        "package": "Require",
        "repositoryURL": "https://github.com/ghostcrying/Require.git",
        "state": {
          "branch": null,
          "revision": "f1e22ad5e4de3b8fb27e02ad8c96148f66abe460",
          "version": "4.0.1"
        }
      },
      {
        "package": "ShellOut",
        "repositoryURL": "https://github.com/ghostcrying/ShellOut.git",
        "state": {
          "branch": null,
          "revision": "6375f624cd83652064542a246cf4e6a6381e494f",
          "version": "4.0.1"
        }
      }
    ]
  },
  "version": 1
}
